
Microsoft Visual Studio Solution File, Format Version 12.00
# Visual Studio 2013
VisualStudioVersion = 12.0.31101.0
MinimumVisualStudioVersion = 10.0.40219.1
Project("{2150E333-8FDC-42A3-9474-1A3956D46DE8}") = "PomodoroAssistant", "PomodoroAssistant", "{2760C2E8-0ECA-41CF-9171-FBB6B6C14533}"
EndProject
Project("{D954291E-2A0B-460D-934E-DC6B0785DB48}") = "PomodoroAssistant.Shared", "PomodoroAssistant\PomodoroAssistant.Shared\PomodoroAssistant.Shared.shproj", "{F7C99B78-E9C4-4457-8727-13D6E000A423}"
EndProject
Project("{FAE04EC0-301F-11D3-BF4B-00C04F79EFBC}") = "PomodoroAssistant.Windows", "PomodoroAssistant\PomodoroAssistant.Windows\PomodoroAssistant.Windows.csproj", "{6B376861-0757-4B23-AD35-1D875D88CC09}"
	ProjectSection(ProjectDependencies) = postProject
		{3A6DD521-1A94-4BB1-87B0-5C2C076E017B} = {3A6DD521-1A94-4BB1-87B0-5C2C076E017B}
		{61C1EA89-4E89-4147-B28D-2F81BC205622} = {61C1EA89-4E89-4147-B28D-2F81BC205622}
	EndProjectSection
EndProject
Project("{FAE04EC0-301F-11D3-BF4B-00C04F79EFBC}") = "PomodoroAssistant.WindowsPhone", "PomodoroAssistant\PomodoroAssistant.WindowsPhone\PomodoroAssistant.WindowsPhone.csproj", "{3A6DD521-1A94-4BB1-87B0-5C2C076E017B}"
EndProject
Project("{2150E333-8FDC-42A3-9474-1A3956D46DE8}") = "PomodoroAssistantPlus", "PomodoroAssistantPlus", "{A8535C5E-4514-4A44-AAB8-A2097343AB27}"
EndProject
Project("{D954291E-2A0B-460D-934E-DC6B0785DB48}") = "PomodoroAssistantPlus.Shared", "PomodoroAssistantPlus\PomodoroAssistantPlus.Shared\PomodoroAssistantPlus.Shared.shproj", "{BDAEF421-371B-4E00-9AA1-F815EB8E90EB}"
EndProject
Project("{FAE04EC0-301F-11D3-BF4B-00C04F79EFBC}") = "PomodoroAssistantPlus.Windows", "PomodoroAssistantPlus\PomodoroAssistantPlus.Windows\PomodoroAssistantPlus.Windows.csproj", "{61C1EA89-4E89-4147-B28D-2F81BC205622}"
EndProject
Project("{FAE04EC0-301F-11D3-BF4B-00C04F79EFBC}") = "PomodoroAssistantPlus.WindowsPhone", "PomodoroAssistantPlus\PomodoroAssistantPlus.WindowsPhone\PomodoroAssistantPlus.WindowsPhone.csproj", "{BE79FFC2-5CC8-4429-A21F-4DD66322797F}"
EndProject
Global
	GlobalSection(SharedMSBuildProjectFiles) = preSolution
		PomodoroAssistantPlus\PomodoroAssistantPlus.Shared\PomodoroAssistantPlus.Shared.projitems*{be79ffc2-5cc8-4429-a21f-4dd66322797f}*SharedItemsImports = 4
		PomodoroAssistantPlus\PomodoroAssistantPlus.Shared\PomodoroAssistantPlus.Shared.projitems*{61c1ea89-4e89-4147-b28d-2f81bc205622}*SharedItemsImports = 4
		PomodoroAssistant\PomodoroAssistant.Shared\PomodoroAssistant.Shared.projitems*{f7c99b78-e9c4-4457-8727-13d6e000a423}*SharedItemsImports = 13
		PomodoroAssistant\PomodoroAssistant.Shared\PomodoroAssistant.Shared.projitems*{6b376861-0757-4b23-ad35-1d875d88cc09}*SharedItemsImports = 4
		PomodoroAssistantPlus\PomodoroAssistantPlus.Shared\PomodoroAssistantPlus.Shared.projitems*{bdaef421-371b-4e00-9aa1-f815eb8e90eb}*SharedItemsImports = 13
		PomodoroAssistant\PomodoroAssistant.Shared\PomodoroAssistant.Shared.projitems*{3a6dd521-1a94-4bb1-87b0-5c2c076e017b}*SharedItemsImports = 4
	EndGlobalSection
	GlobalSection(SolutionConfigurationPlatforms) = preSolution
		Debug_WindowsPhone|Any CPU = Debug_WindowsPhone|Any CPU
		Debug_WindowsPhone|ARM = Debug_WindowsPhone|ARM
		Debug_WindowsPhone|Win32 = Debug_WindowsPhone|Win32
		Debug_WindowsPhone|x64 = Debug_WindowsPhone|x64
		Debug_WindowsPhone|x86 = Debug_WindowsPhone|x86
		Debug|Any CPU = Debug|Any CPU
		Debug|ARM = Debug|ARM
		Debug|Win32 = Debug|Win32
		Debug|x64 = Debug|x64
		Debug|x86 = Debug|x86
		Relase_WindowsPhone|Any CPU = Relase_WindowsPhone|Any CPU
		Relase_WindowsPhone|ARM = Relase_WindowsPhone|ARM
		Relase_WindowsPhone|Win32 = Relase_WindowsPhone|Win32
		Relase_WindowsPhone|x64 = Relase_WindowsPhone|x64
		Relase_WindowsPhone|x86 = Relase_WindowsPhone|x86
		Release|Any CPU = Release|Any CPU
		Release|ARM = Release|ARM
		Release|Win32 = Release|Win32
		Release|x64 = Release|x64
		Release|x86 = Release|x86
	EndGlobalSection
	GlobalSection(ProjectConfigurationPlatforms) = postSolution
		{6B376861-0757-4B23-AD35-1D875D88CC09}.Debug_WindowsPhone|Any CPU.ActiveCfg = Debug_WindowsPhone|Any CPU
		{6B376861-0757-4B23-AD35-1D875D88CC09}.Debug_WindowsPhone|Any CPU.Build.0 = Debug_WindowsPhone|Any CPU
		{6B376861-0757-4B23-AD35-1D875D88CC09}.Debug_WindowsPhone|Any CPU.Deploy.0 = Debug_WindowsPhone|Any CPU
		{6B376861-0757-4B23-AD35-1D875D88CC09}.Debug_WindowsPhone|ARM.ActiveCfg = Debug_WindowsPhone|ARM
		{6B376861-0757-4B23-AD35-1D875D88CC09}.Debug_WindowsPhone|ARM.Build.0 = Debug_WindowsPhone|ARM
		{6B376861-0757-4B23-AD35-1D875D88CC09}.Debug_WindowsPhone|ARM.Deploy.0 = Debug_WindowsPhone|ARM
		{6B376861-0757-4B23-AD35-1D875D88CC09}.Debug_WindowsPhone|Win32.ActiveCfg = Debug_WindowsPhone|x86
		{6B376861-0757-4B23-AD35-1D875D88CC09}.Debug_WindowsPhone|Win32.Build.0 = Debug_WindowsPhone|x86
		{6B376861-0757-4B23-AD35-1D875D88CC09}.Debug_WindowsPhone|Win32.Deploy.0 = Debug_WindowsPhone|x86
		{6B376861-0757-4B23-AD35-1D875D88CC09}.Debug_WindowsPhone|x64.ActiveCfg = Debug_WindowsPhone|x64
		{6B376861-0757-4B23-AD35-1D875D88CC09}.Debug_WindowsPhone|x64.Build.0 = Debug_WindowsPhone|x64
		{6B376861-0757-4B23-AD35-1D875D88CC09}.Debug_WindowsPhone|x64.Deploy.0 = Debug_WindowsPhone|x64
		{6B376861-0757-4B23-AD35-1D875D88CC09}.Debug_WindowsPhone|x86.ActiveCfg = Debug_WindowsPhone|x86
		{6B376861-0757-4B23-AD35-1D875D88CC09}.Debug_WindowsPhone|x86.Build.0 = Debug_WindowsPhone|x86
		{6B376861-0757-4B23-AD35-1D875D88CC09}.Debug_WindowsPhone|x86.Deploy.0 = Debug_WindowsPhone|x86
		{6B376861-0757-4B23-AD35-1D875D88CC09}.Debug|Any CPU.ActiveCfg = Debug|Any CPU
		{6B376861-0757-4B23-AD35-1D875D88CC09}.Debug|Any CPU.Build.0 = Debug|Any CPU
		{6B376861-0757-4B23-AD35-1D875D88CC09}.Debug|Any CPU.Deploy.0 = Debug|Any CPU
		{6B376861-0757-4B23-AD35-1D875D88CC09}.Debug|ARM.ActiveCfg = Debug|ARM
		{6B376861-0757-4B23-AD35-1D875D88CC09}.Debug|ARM.Build.0 = Debug|ARM
		{6B376861-0757-4B23-AD35-1D875D88CC09}.Debug|ARM.Deploy.0 = Debug|ARM
		{6B376861-0757-4B23-AD35-1D875D88CC09}.Debug|Win32.ActiveCfg = Debug|x86
		{6B376861-0757-4B23-AD35-1D875D88CC09}.Debug|Win32.Build.0 = Debug|x86
		{6B376861-0757-4B23-AD35-1D875D88CC09}.Debug|Win32.Deploy.0 = Debug|x86
		{6B376861-0757-4B23-AD35-1D875D88CC09}.Debug|x64.ActiveCfg = Debug|x64
		{6B376861-0757-4B23-AD35-1D875D88CC09}.Debug|x64.Build.0 = Debug|x64
		{6B376861-0757-4B23-AD35-1D875D88CC09}.Debug|x64.Deploy.0 = Debug|x64
		{6B376861-0757-4B23-AD35-1D875D88CC09}.Debug|x86.ActiveCfg = Debug|x86
		{6B376861-0757-4B23-AD35-1D875D88CC09}.Debug|x86.Build.0 = Debug|x86
		{6B376861-0757-4B23-AD35-1D875D88CC09}.Debug|x86.Deploy.0 = Debug|x86
		{6B376861-0757-4B23-AD35-1D875D88CC09}.Relase_WindowsPhone|Any CPU.ActiveCfg = Relase_WindowsPhone|Any CPU
		{6B376861-0757-4B23-AD35-1D875D88CC09}.Relase_WindowsPhone|Any CPU.Build.0 = Relase_WindowsPhone|Any CPU
		{6B376861-0757-4B23-AD35-1D875D88CC09}.Relase_WindowsPhone|Any CPU.Deploy.0 = Relase_WindowsPhone|Any CPU
		{6B376861-0757-4B23-AD35-1D875D88CC09}.Relase_WindowsPhone|ARM.ActiveCfg = Debug|Any CPU
		{6B376861-0757-4B23-AD35-1D875D88CC09}.Relase_WindowsPhone|ARM.Build.0 = Debug|Any CPU
		{6B376861-0757-4B23-AD35-1D875D88CC09}.Relase_WindowsPhone|ARM.Deploy.0 = Debug|Any CPU
		{6B376861-0757-4B23-AD35-1D875D88CC09}.Relase_WindowsPhone|Win32.ActiveCfg = Relase_WindowsPhone|x86
		{6B376861-0757-4B23-AD35-1D875D88CC09}.Relase_WindowsPhone|Win32.Build.0 = Relase_WindowsPhone|x86
		{6B376861-0757-4B23-AD35-1D875D88CC09}.Relase_WindowsPhone|Win32.Deploy.0 = Relase_WindowsPhone|x86
		{6B376861-0757-4B23-AD35-1D875D88CC09}.Relase_WindowsPhone|x64.ActiveCfg = Relase_WindowsPhone|x64
		{6B376861-0757-4B23-AD35-1D875D88CC09}.Relase_WindowsPhone|x64.Build.0 = Relase_WindowsPhone|x64
		{6B376861-0757-4B23-AD35-1D875D88CC09}.Relase_WindowsPhone|x64.Deploy.0 = Relase_WindowsPhone|x64
		{6B376861-0757-4B23-AD35-1D875D88CC09}.Relase_WindowsPhone|x86.ActiveCfg = Relase_WindowsPhone|x86
		{6B376861-0757-4B23-AD35-1D875D88CC09}.Relase_WindowsPhone|x86.Build.0 = Relase_WindowsPhone|x86
		{6B376861-0757-4B23-AD35-1D875D88CC09}.Relase_WindowsPhone|x86.Deploy.0 = Relase_WindowsPhone|x86
		{6B376861-0757-4B23-AD35-1D875D88CC09}.Release|Any CPU.ActiveCfg = Release|Any CPU
		{6B376861-0757-4B23-AD35-1D875D88CC09}.Release|Any CPU.Build.0 = Release|Any CPU
		{6B376861-0757-4B23-AD35-1D875D88CC09}.Release|Any CPU.Deploy.0 = Release|Any CPU
		{6B376861-0757-4B23-AD35-1D875D88CC09}.Release|ARM.ActiveCfg = Release|ARM
		{6B376861-0757-4B23-AD35-1D875D88CC09}.Release|ARM.Build.0 = Release|ARM
		{6B376861-0757-4B23-AD35-1D875D88CC09}.Release|ARM.Deploy.0 = Release|ARM
		{6B376861-0757-4B23-AD35-1D875D88CC09}.Release|Win32.ActiveCfg = Release|x86
		{6B376861-0757-4B23-AD35-1D875D88CC09}.Release|Win32.Build.0 = Release|x86
		{6B376861-0757-4B23-AD35-1D875D88CC09}.Release|Win32.Deploy.0 = Release|x86
		{6B376861-0757-4B23-AD35-1D875D88CC09}.Release|x64.ActiveCfg = Release|x64
		{6B376861-0757-4B23-AD35-1D875D88CC09}.Release|x64.Build.0 = Release|x64
		{6B376861-0757-4B23-AD35-1D875D88CC09}.Release|x64.Deploy.0 = Release|x64
		{6B376861-0757-4B23-AD35-1D875D88CC09}.Release|x86.ActiveCfg = Release|x86
		{6B376861-0757-4B23-AD35-1D875D88CC09}.Release|x86.Build.0 = Release|x86
		{6B376861-0757-4B23-AD35-1D875D88CC09}.Release|x86.Deploy.0 = Release|x86
		{3A6DD521-1A94-4BB1-87B0-5C2C076E017B}.Debug_WindowsPhone|Any CPU.ActiveCfg = Debug_WindowsPhone|Any CPU
		{3A6DD521-1A94-4BB1-87B0-5C2C076E017B}.Debug_WindowsPhone|Any CPU.Build.0 = Debug_WindowsPhone|Any CPU
		{3A6DD521-1A94-4BB1-87B0-5C2C076E017B}.Debug_WindowsPhone|Any CPU.Deploy.0 = Debug_WindowsPhone|Any CPU
		{3A6DD521-1A94-4BB1-87B0-5C2C076E017B}.Debug_WindowsPhone|ARM.ActiveCfg = Debug_WindowsPhone|ARM
		{3A6DD521-1A94-4BB1-87B0-5C2C076E017B}.Debug_WindowsPhone|ARM.Build.0 = Debug_WindowsPhone|ARM
		{3A6DD521-1A94-4BB1-87B0-5C2C076E017B}.Debug_WindowsPhone|ARM.Deploy.0 = Debug_WindowsPhone|ARM
		{3A6DD521-1A94-4BB1-87B0-5C2C076E017B}.Debug_WindowsPhone|Win32.ActiveCfg = Debug_WindowsPhone|x86
		{3A6DD521-1A94-4BB1-87B0-5C2C076E017B}.Debug_WindowsPhone|Win32.Build.0 = Debug_WindowsPhone|x86
		{3A6DD521-1A94-4BB1-87B0-5C2C076E017B}.Debug_WindowsPhone|Win32.Deploy.0 = Debug_WindowsPhone|x86
		{3A6DD521-1A94-4BB1-87B0-5C2C076E017B}.Debug_WindowsPhone|x64.ActiveCfg = Debug_WindowsPhone|Any CPU
		{3A6DD521-1A94-4BB1-87B0-5C2C076E017B}.Debug_WindowsPhone|x86.ActiveCfg = Debug_WindowsPhone|x86
		{3A6DD521-1A94-4BB1-87B0-5C2C076E017B}.Debug_WindowsPhone|x86.Build.0 = Debug_WindowsPhone|x86
		{3A6DD521-1A94-4BB1-87B0-5C2C076E017B}.Debug_WindowsPhone|x86.Deploy.0 = Debug_WindowsPhone|x86
		{3A6DD521-1A94-4BB1-87B0-5C2C076E017B}.Debug|Any CPU.ActiveCfg = Debug|Any CPU
		{3A6DD521-1A94-4BB1-87B0-5C2C076E017B}.Debug|Any CPU.Build.0 = Debug|Any CPU
		{3A6DD521-1A94-4BB1-87B0-5C2C076E017B}.Debug|Any CPU.Deploy.0 = Debug|Any CPU
		{3A6DD521-1A94-4BB1-87B0-5C2C076E017B}.Debug|ARM.ActiveCfg = Debug|ARM
		{3A6DD521-1A94-4BB1-87B0-5C2C076E017B}.Debug|ARM.Build.0 = Debug|ARM
		{3A6DD521-1A94-4BB1-87B0-5C2C076E017B}.Debug|ARM.Deploy.0 = Debug|ARM
		{3A6DD521-1A94-4BB1-87B0-5C2C076E017B}.Debug|Win32.ActiveCfg = Debug|x86
		{3A6DD521-1A94-4BB1-87B0-5C2C076E017B}.Debug|Win32.Build.0 = Debug|x86
		{3A6DD521-1A94-4BB1-87B0-5C2C076E017B}.Debug|Win32.Deploy.0 = Debug|x86
		{3A6DD521-1A94-4BB1-87B0-5C2C076E017B}.Debug|x64.ActiveCfg = Debug|Any CPU
		{3A6DD521-1A94-4BB1-87B0-5C2C076E017B}.Debug|x86.ActiveCfg = Debug|x86
		{3A6DD521-1A94-4BB1-87B0-5C2C076E017B}.Debug|x86.Build.0 = Debug|x86
		{3A6DD521-1A94-4BB1-87B0-5C2C076E017B}.Debug|x86.Deploy.0 = Debug|x86
		{3A6DD521-1A94-4BB1-87B0-5C2C076E017B}.Relase_WindowsPhone|Any CPU.ActiveCfg = Relase_WindowsPhone|Any CPU
		{3A6DD521-1A94-4BB1-87B0-5C2C076E017B}.Relase_WindowsPhone|Any CPU.Build.0 = Relase_WindowsPhone|Any CPU
		{3A6DD521-1A94-4BB1-87B0-5C2C076E017B}.Relase_WindowsPhone|Any CPU.Deploy.0 = Relase_WindowsPhone|Any CPU
		{3A6DD521-1A94-4BB1-87B0-5C2C076E017B}.Relase_WindowsPhone|ARM.ActiveCfg = Relase_WindowsPhone|ARM
		{3A6DD521-1A94-4BB1-87B0-5C2C076E017B}.Relase_WindowsPhone|ARM.Build.0 = Relase_WindowsPhone|ARM
		{3A6DD521-1A94-4BB1-87B0-5C2C076E017B}.Relase_WindowsPhone|ARM.Deploy.0 = Relase_WindowsPhone|ARM
		{3A6DD521-1A94-4BB1-87B0-5C2C076E017B}.Relase_WindowsPhone|Win32.ActiveCfg = Relase_WindowsPhone|x86
		{3A6DD521-1A94-4BB1-87B0-5C2C076E017B}.Relase_WindowsPhone|Win32.Build.0 = Relase_WindowsPhone|x86
		{3A6DD521-1A94-4BB1-87B0-5C2C076E017B}.Relase_WindowsPhone|Win32.Deploy.0 = Relase_WindowsPhone|x86
		{3A6DD521-1A94-4BB1-87B0-5C2C076E017B}.Relase_WindowsPhone|x64.ActiveCfg = Relase_WindowsPhone|Any CPU
		{3A6DD521-1A94-4BB1-87B0-5C2C076E017B}.Relase_WindowsPhone|x86.ActiveCfg = Relase_WindowsPhone|x86
		{3A6DD521-1A94-4BB1-87B0-5C2C076E017B}.Relase_WindowsPhone|x86.Build.0 = Relase_WindowsPhone|x86
		{3A6DD521-1A94-4BB1-87B0-5C2C076E017B}.Relase_WindowsPhone|x86.Deploy.0 = Relase_WindowsPhone|x86
		{3A6DD521-1A94-4BB1-87B0-5C2C076E017B}.Release|Any CPU.ActiveCfg = Release|Any CPU
		{3A6DD521-1A94-4BB1-87B0-5C2C076E017B}.Release|Any CPU.Build.0 = Release|Any CPU
		{3A6DD521-1A94-4BB1-87B0-5C2C076E017B}.Release|Any CPU.Deploy.0 = Release|Any CPU
		{3A6DD521-1A94-4BB1-87B0-5C2C076E017B}.Release|ARM.ActiveCfg = Release|ARM
		{3A6DD521-1A94-4BB1-87B0-5C2C076E017B}.Release|ARM.Build.0 = Release|ARM
		{3A6DD521-1A94-4BB1-87B0-5C2C076E017B}.Release|ARM.Deploy.0 = Release|ARM
		{3A6DD521-1A94-4BB1-87B0-5C2C076E017B}.Release|Win32.ActiveCfg = Release|x86
		{3A6DD521-1A94-4BB1-87B0-5C2C076E017B}.Release|Win32.Build.0 = Release|x86
		{3A6DD521-1A94-4BB1-87B0-5C2C076E017B}.Release|Win32.Deploy.0 = Release|x86
		{3A6DD521-1A94-4BB1-87B0-5C2C076E017B}.Release|x64.ActiveCfg = Release|Any CPU
		{3A6DD521-1A94-4BB1-87B0-5C2C076E017B}.Release|x86.ActiveCfg = Release|x86
		{3A6DD521-1A94-4BB1-87B0-5C2C076E017B}.Release|x86.Build.0 = Release|x86
		{3A6DD521-1A94-4BB1-87B0-5C2C076E017B}.Release|x86.Deploy.0 = Release|x86
		{61C1EA89-4E89-4147-B28D-2F81BC205622}.Debug_WindowsPhone|Any CPU.ActiveCfg = Debug_WindowsPhone|Any CPU
		{61C1EA89-4E89-4147-B28D-2F81BC205622}.Debug_WindowsPhone|Any CPU.Build.0 = Debug_WindowsPhone|Any CPU
		{61C1EA89-4E89-4147-B28D-2F81BC205622}.Debug_WindowsPhone|Any CPU.Deploy.0 = Debug_WindowsPhone|Any CPU
		{61C1EA89-4E89-4147-B28D-2F81BC205622}.Debug_WindowsPhone|ARM.ActiveCfg = Debug_WindowsPhone|ARM
		{61C1EA89-4E89-4147-B28D-2F81BC205622}.Debug_WindowsPhone|ARM.Build.0 = Debug_WindowsPhone|ARM
		{61C1EA89-4E89-4147-B28D-2F81BC205622}.Debug_WindowsPhone|ARM.Deploy.0 = Debug_WindowsPhone|ARM
		{61C1EA89-4E89-4147-B28D-2F81BC205622}.Debug_WindowsPhone|Win32.ActiveCfg = Debug_WindowsPhone|x86
		{61C1EA89-4E89-4147-B28D-2F81BC205622}.Debug_WindowsPhone|Win32.Build.0 = Debug_WindowsPhone|x86
		{61C1EA89-4E89-4147-B28D-2F81BC205622}.Debug_WindowsPhone|Win32.Deploy.0 = Debug_WindowsPhone|x86
		{61C1EA89-4E89-4147-B28D-2F81BC205622}.Debug_WindowsPhone|x64.ActiveCfg = Debug_WindowsPhone|x64
		{61C1EA89-4E89-4147-B28D-2F81BC205622}.Debug_WindowsPhone|x64.Build.0 = Debug_WindowsPhone|x64
		{61C1EA89-4E89-4147-B28D-2F81BC205622}.Debug_WindowsPhone|x64.Deploy.0 = Debug_WindowsPhone|x64
		{61C1EA89-4E89-4147-B28D-2F81BC205622}.Debug_WindowsPhone|x86.ActiveCfg = Debug_WindowsPhone|x86
		{61C1EA89-4E89-4147-B28D-2F81BC205622}.Debug_WindowsPhone|x86.Build.0 = Debug_WindowsPhone|x86
		{61C1EA89-4E89-4147-B28D-2F81BC205622}.Debug_WindowsPhone|x86.Deploy.0 = Debug_WindowsPhone|x86
		{61C1EA89-4E89-4147-B28D-2F81BC205622}.Debug|Any CPU.ActiveCfg = Debug|Any CPU
		{61C1EA89-4E89-4147-B28D-2F81BC205622}.Debug|Any CPU.Build.0 = Debug|Any CPU
		{61C1EA89-4E89-4147-B28D-2F81BC205622}.Debug|Any CPU.Deploy.0 = Debug|Any CPU
		{61C1EA89-4E89-4147-B28D-2F81BC205622}.Debug|ARM.ActiveCfg = Debug|ARM
		{61C1EA89-4E89-4147-B28D-2F81BC205622}.Debug|ARM.Build.0 = Debug|ARM
		{61C1EA89-4E89-4147-B28D-2F81BC205622}.Debug|ARM.Deploy.0 = Debug|ARM
		{61C1EA89-4E89-4147-B28D-2F81BC205622}.Debug|Win32.ActiveCfg = Debug|x86
		{61C1EA89-4E89-4147-B28D-2F81BC205622}.Debug|Win32.Build.0 = Debug|x86
		{61C1EA89-4E89-4147-B28D-2F81BC205622}.Debug|Win32.Deploy.0 = Debug|x86
		{61C1EA89-4E89-4147-B28D-2F81BC205622}.Debug|x64.ActiveCfg = Debug|x64
		{61C1EA89-4E89-4147-B28D-2F81BC205622}.Debug|x64.Build.0 = Debug|x64
		{61C1EA89-4E89-4147-B28D-2F81BC205622}.Debug|x64.Deploy.0 = Debug|x64
		{61C1EA89-4E89-4147-B28D-2F81BC205622}.Debug|x86.ActiveCfg = Debug|x86
		{61C1EA89-4E89-4147-B28D-2F81BC205622}.Debug|x86.Build.0 = Debug|x86
		{61C1EA89-4E89-4147-B28D-2F81BC205622}.Debug|x86.Deploy.0 = Debug|x86
		{61C1EA89-4E89-4147-B28D-2F81BC205622}.Relase_WindowsPhone|Any CPU.ActiveCfg = Relase_WindowsPhone|Any CPU
		{61C1EA89-4E89-4147-B28D-2F81BC205622}.Relase_WindowsPhone|Any CPU.Build.0 = Relase_WindowsPhone|Any CPU
		{61C1EA89-4E89-4147-B28D-2F81BC205622}.Relase_WindowsPhone|Any CPU.Deploy.0 = Relase_WindowsPhone|Any CPU
		{61C1EA89-4E89-4147-B28D-2F81BC205622}.Relase_WindowsPhone|ARM.ActiveCfg = Debug|Any CPU
		{61C1EA89-4E89-4147-B28D-2F81BC205622}.Relase_WindowsPhone|ARM.Build.0 = Debug|Any CPU
		{61C1EA89-4E89-4147-B28D-2F81BC205622}.Relase_WindowsPhone|ARM.Deploy.0 = Debug|Any CPU
		{61C1EA89-4E89-4147-B28D-2F81BC205622}.Relase_WindowsPhone|Win32.ActiveCfg = Relase_WindowsPhone|x86
		{61C1EA89-4E89-4147-B28D-2F81BC205622}.Relase_WindowsPhone|Win32.Build.0 = Relase_WindowsPhone|x86
		{61C1EA89-4E89-4147-B28D-2F81BC205622}.Relase_WindowsPhone|Win32.Deploy.0 = Relase_WindowsPhone|x86
		{61C1EA89-4E89-4147-B28D-2F81BC205622}.Relase_WindowsPhone|x64.ActiveCfg = Relase_WindowsPhone|x64
		{61C1EA89-4E89-4147-B28D-2F81BC205622}.Relase_WindowsPhone|x64.Build.0 = Relase_WindowsPhone|x64
		{61C1EA89-4E89-4147-B28D-2F81BC205622}.Relase_WindowsPhone|x64.Deploy.0 = Relase_WindowsPhone|x64
		{61C1EA89-4E89-4147-B28D-2F81BC205622}.Relase_WindowsPhone|x86.ActiveCfg = Relase_WindowsPhone|x86
		{61C1EA89-4E89-4147-B28D-2F81BC205622}.Relase_WindowsPhone|x86.Build.0 = Relase_WindowsPhone|x86
		{61C1EA89-4E89-4147-B28D-2F81BC205622}.Relase_WindowsPhone|x86.Deploy.0 = Relase_WindowsPhone|x86
		{61C1EA89-4E89-4147-B28D-2F81BC205622}.Release|Any CPU.ActiveCfg = Release|Any CPU
		{61C1EA89-4E89-4147-B28D-2F81BC205622}.Release|Any CPU.Build.0 = Release|Any CPU
		{61C1EA89-4E89-4147-B28D-2F81BC205622}.Release|Any CPU.Deploy.0 = Release|Any CPU
		{61C1EA89-4E89-4147-B28D-2F81BC205622}.Release|ARM.ActiveCfg = Release|ARM
		{61C1EA89-4E89-4147-B28D-2F81BC205622}.Release|ARM.Build.0 = Release|ARM
		{61C1EA89-4E89-4147-B28D-2F81BC205622}.Release|ARM.Deploy.0 = Release|ARM
		{61C1EA89-4E89-4147-B28D-2F81BC205622}.Release|Win32.ActiveCfg = Release|x86
		{61C1EA89-4E89-4147-B28D-2F81BC205622}.Release|Win32.Build.0 = Release|x86
		{61C1EA89-4E89-4147-B28D-2F81BC205622}.Release|Win32.Deploy.0 = Release|x86
		{61C1EA89-4E89-4147-B28D-2F81BC205622}.Release|x64.ActiveCfg = Release|x64
		{61C1EA89-4E89-4147-B28D-2F81BC205622}.Release|x64.Build.0 = Release|x64
		{61C1EA89-4E89-4147-B28D-2F81BC205622}.Release|x64.Deploy.0 = Release|x64
		{61C1EA89-4E89-4147-B28D-2F81BC205622}.Release|x86.ActiveCfg = Release|x86
		{61C1EA89-4E89-4147-B28D-2F81BC205622}.Release|x86.Build.0 = Release|x86
		{61C1EA89-4E89-4147-B28D-2F81BC205622}.Release|x86.Deploy.0 = Release|x86
		{BE79FFC2-5CC8-4429-A21F-4DD66322797F}.Debug_WindowsPhone|Any CPU.ActiveCfg = Debug_WindowsPhone|Any CPU
		{BE79FFC2-5CC8-4429-A21F-4DD66322797F}.Debug_WindowsPhone|Any CPU.Build.0 = Debug_WindowsPhone|Any CPU
		{BE79FFC2-5CC8-4429-A21F-4DD66322797F}.Debug_WindowsPhone|Any CPU.Deploy.0 = Debug_WindowsPhone|Any CPU
		{BE79FFC2-5CC8-4429-A21F-4DD66322797F}.Debug_WindowsPhone|ARM.ActiveCfg = Debug_WindowsPhone|ARM
		{BE79FFC2-5CC8-4429-A21F-4DD66322797F}.Debug_WindowsPhone|ARM.Build.0 = Debug_WindowsPhone|ARM
		{BE79FFC2-5CC8-4429-A21F-4DD66322797F}.Debug_WindowsPhone|ARM.Deploy.0 = Debug_WindowsPhone|ARM
		{BE79FFC2-5CC8-4429-A21F-4DD66322797F}.Debug_WindowsPhone|Win32.ActiveCfg = Debug_WindowsPhone|x86
		{BE79FFC2-5CC8-4429-A21F-4DD66322797F}.Debug_WindowsPhone|Win32.Build.0 = Debug_WindowsPhone|x86
		{BE79FFC2-5CC8-4429-A21F-4DD66322797F}.Debug_WindowsPhone|Win32.Deploy.0 = Debug_WindowsPhone|x86
		{BE79FFC2-5CC8-4429-A21F-4DD66322797F}.Debug_WindowsPhone|x64.ActiveCfg = Debug_WindowsPhone|Any CPU
		{BE79FFC2-5CC8-4429-A21F-4DD66322797F}.Debug_WindowsPhone|x86.ActiveCfg = Debug_WindowsPhone|x86
		{BE79FFC2-5CC8-4429-A21F-4DD66322797F}.Debug_WindowsPhone|x86.Build.0 = Debug_WindowsPhone|x86
		{BE79FFC2-5CC8-4429-A21F-4DD66322797F}.Debug_WindowsPhone|x86.Deploy.0 = Debug_WindowsPhone|x86
		{BE79FFC2-5CC8-4429-A21F-4DD66322797F}.Debug|Any CPU.ActiveCfg = Debug|Any CPU
		{BE79FFC2-5CC8-4429-A21F-4DD66322797F}.Debug|Any CPU.Build.0 = Debug|Any CPU
		{BE79FFC2-5CC8-4429-A21F-4DD66322797F}.Debug|Any CPU.Deploy.0 = Debug|Any CPU
		{BE79FFC2-5CC8-4429-A21F-4DD66322797F}.Debug|ARM.ActiveCfg = Debug|ARM
		{BE79FFC2-5CC8-4429-A21F-4DD66322797F}.Debug|ARM.Build.0 = Debug|ARM
		{BE79FFC2-5CC8-4429-A21F-4DD66322797F}.Debug|ARM.Deploy.0 = Debug|ARM
		{BE79FFC2-5CC8-4429-A21F-4DD66322797F}.Debug|Win32.ActiveCfg = Debug|x86
		{BE79FFC2-5CC8-4429-A21F-4DD66322797F}.Debug|Win32.Build.0 = Debug|x86
		{BE79FFC2-5CC8-4429-A21F-4DD66322797F}.Debug|Win32.Deploy.0 = Debug|x86
		{BE79FFC2-5CC8-4429-A21F-4DD66322797F}.Debug|x64.ActiveCfg = Debug|Any CPU
		{BE79FFC2-5CC8-4429-A21F-4DD66322797F}.Debug|x86.ActiveCfg = Debug|x86
		{BE79FFC2-5CC8-4429-A21F-4DD66322797F}.Debug|x86.Build.0 = Debug|x86
		{BE79FFC2-5CC8-4429-A21F-4DD66322797F}.Debug|x86.Deploy.0 = Debug|x86
		{BE79FFC2-5CC8-4429-A21F-4DD66322797F}.Relase_WindowsPhone|Any CPU.ActiveCfg = Relase_WindowsPhone|Any CPU
		{BE79FFC2-5CC8-4429-A21F-4DD66322797F}.Relase_WindowsPhone|Any CPU.Build.0 = Relase_WindowsPhone|Any CPU
		{BE79FFC2-5CC8-4429-A21F-4DD66322797F}.Relase_WindowsPhone|Any CPU.Deploy.0 = Relase_WindowsPhone|Any CPU
		{BE79FFC2-5CC8-4429-A21F-4DD66322797F}.Relase_WindowsPhone|ARM.ActiveCfg = Relase_WindowsPhone|ARM
		{BE79FFC2-5CC8-4429-A21F-4DD66322797F}.Relase_WindowsPhone|ARM.Build.0 = Relase_WindowsPhone|ARM
		{BE79FFC2-5CC8-4429-A21F-4DD66322797F}.Relase_WindowsPhone|ARM.Deploy.0 = Relase_WindowsPhone|ARM
		{BE79FFC2-5CC8-4429-A21F-4DD66322797F}.Relase_WindowsPhone|Win32.ActiveCfg = Relase_WindowsPhone|x86
		{BE79FFC2-5CC8-4429-A21F-4DD66322797F}.Relase_WindowsPhone|Win32.Build.0 = Relase_WindowsPhone|x86
		{BE79FFC2-5CC8-4429-A21F-4DD66322797F}.Relase_WindowsPhone|Win32.Deploy.0 = Relase_WindowsPhone|x86
		{BE79FFC2-5CC8-4429-A21F-4DD66322797F}.Relase_WindowsPhone|x64.ActiveCfg = Relase_WindowsPhone|Any CPU
		{BE79FFC2-5CC8-4429-A21F-4DD66322797F}.Relase_WindowsPhone|x86.ActiveCfg = Relase_WindowsPhone|x86
		{BE79FFC2-5CC8-4429-A21F-4DD66322797F}.Relase_WindowsPhone|x86.Build.0 = Relase_WindowsPhone|x86
		{BE79FFC2-5CC8-4429-A21F-4DD66322797F}.Relase_WindowsPhone|x86.Deploy.0 = Relase_WindowsPhone|x86
		{BE79FFC2-5CC8-4429-A21F-4DD66322797F}.Release|Any CPU.ActiveCfg = Release|Any CPU
		{BE79FFC2-5CC8-4429-A21F-4DD66322797F}.Release|Any CPU.Build.0 = Release|Any CPU
		{BE79FFC2-5CC8-4429-A21F-4DD66322797F}.Release|Any CPU.Deploy.0 = Release|Any CPU
		{BE79FFC2-5CC8-4429-A21F-4DD66322797F}.Release|ARM.ActiveCfg = Release|ARM
		{BE79FFC2-5CC8-4429-A21F-4DD66322797F}.Release|ARM.Build.0 = Release|ARM
		{BE79FFC2-5CC8-4429-A21F-4DD66322797F}.Release|ARM.Deploy.0 = Release|ARM
		{BE79FFC2-5CC8-4429-A21F-4DD66322797F}.Release|Win32.ActiveCfg = Release|x86
		{BE79FFC2-5CC8-4429-A21F-4DD66322797F}.Release|Win32.Build.0 = Release|x86
		{BE79FFC2-5CC8-4429-A21F-4DD66322797F}.Release|Win32.Deploy.0 = Release|x86
		{BE79FFC2-5CC8-4429-A21F-4DD66322797F}.Release|x64.ActiveCfg = Release|Any CPU
		{BE79FFC2-5CC8-4429-A21F-4DD66322797F}.Release|x86.ActiveCfg = Release|x86
		{BE79FFC2-5CC8-4429-A21F-4DD66322797F}.Release|x86.Build.0 = Release|x86
		{BE79FFC2-5CC8-4429-A21F-4DD66322797F}.Release|x86.Deploy.0 = Release|x86
	EndGlobalSection
	GlobalSection(SolutionProperties) = preSolution
		HideSolutionNode = FALSE
	EndGlobalSection
	GlobalSection(NestedProjects) = preSolution
		{F7C99B78-E9C4-4457-8727-13D6E000A423} = {2760C2E8-0ECA-41CF-9171-FBB6B6C14533}
		{6B376861-0757-4B23-AD35-1D875D88CC09} = {2760C2E8-0ECA-41CF-9171-FBB6B6C14533}
		{3A6DD521-1A94-4BB1-87B0-5C2C076E017B} = {2760C2E8-0ECA-41CF-9171-FBB6B6C14533}
		{BDAEF421-371B-4E00-9AA1-F815EB8E90EB} = {A8535C5E-4514-4A44-AAB8-A2097343AB27}
		{61C1EA89-4E89-4147-B28D-2F81BC205622} = {A8535C5E-4514-4A44-AAB8-A2097343AB27}
		{BE79FFC2-5CC8-4429-A21F-4DD66322797F} = {A8535C5E-4514-4A44-AAB8-A2097343AB27}
	EndGlobalSection
EndGlobal
